
Microsoft Visual Studio Solution File, Format Version 12.00
# Visual Studio Version 16
VisualStudioVersion = 16.0.29025.244
MinimumVisualStudioVersion = 10.0.40219.1
Project("{9A19103F-16F7-4668-BE54-9A1E7A4F7556}") = "VMagicMirrorConfig", "VMagicMirrorConfig\VMagicMirrorConfig.csproj", "{EFF78192-AECC-4EA1-9E51-2AA1F24061C3}"
EndProject
Project("{9A19103F-16F7-4668-BE54-9A1E7A4F7556}") = "VMagicMirrorConfig.LargePointer", "VMagicMirrorConfig.LargePointer\VMagicMirrorConfig.LargePointer.csproj", "{ADA79A65-66D0-46B3-8A67-343B368EE743}"
EndProject
Global
	GlobalSection(SolutionConfigurationPlatforms) = preSolution
		Debug|Any CPU = Debug|Any CPU
		Debug|x64 = Debug|x64
		Debug|x86 = Debug|x86
		Release|Any CPU = Release|Any CPU
		Release|x64 = Release|x64
		Release|x86 = Release|x86
	EndGlobalSection
	GlobalSection(ProjectConfigurationPlatforms) = postSolution
		{EFF78192-AECC-4EA1-9E51-2AA1F24061C3}.Debug|Any CPU.ActiveCfg = Debug|Any CPU
		{EFF78192-AECC-4EA1-9E51-2AA1F24061C3}.Debug|Any CPU.Build.0 = Debug|Any CPU
		{EFF78192-AECC-4EA1-9E51-2AA1F24061C3}.Debug|x64.ActiveCfg = Debug|x64
		{EFF78192-AECC-4EA1-9E51-2AA1F24061C3}.Debug|x64.Build.0 = Debug|x64
		{EFF78192-AECC-4EA1-9E51-2AA1F24061C3}.Debug|x86.ActiveCfg = Debug|x86
		{EFF78192-AECC-4EA1-9E51-2AA1F24061C3}.Debug|x86.Build.0 = Debug|x86
		{EFF78192-AECC-4EA1-9E51-2AA1F24061C3}.Release|Any CPU.ActiveCfg = Release|Any CPU
		{EFF78192-AECC-4EA1-9E51-2AA1F24061C3}.Release|Any CPU.Build.0 = Release|Any CPU
		{EFF78192-AECC-4EA1-9E51-2AA1F24061C3}.Release|x64.ActiveCfg = Release|x64
		{EFF78192-AECC-4EA1-9E51-2AA1F24061C3}.Release|x64.Build.0 = Release|x64
		{EFF78192-AECC-4EA1-9E51-2AA1F24061C3}.Release|x86.ActiveCfg = Release|x86
		{EFF78192-AECC-4EA1-9E51-2AA1F24061C3}.Release|x86.Build.0 = Release|x86
		{ADA79A65-66D0-46B3-8A67-343B368EE743}.Debug|Any CPU.ActiveCfg = Debug|Any CPU
		{ADA79A65-66D0-46B3-8A67-343B368EE743}.Debug|Any CPU.Build.0 = Debug|Any CPU
		{ADA79A65-66D0-46B3-8A67-343B368EE743}.Debug|x64.ActiveCfg = Debug|x64
		{ADA79A65-66D0-46B3-8A67-343B368EE743}.Debug|x64.Build.0 = Debug|x64
		{ADA79A65-66D0-46B3-8A67-343B368EE743}.Debug|x86.ActiveCfg = Debug|x86
		{ADA79A65-66D0-46B3-8A67-343B368EE743}.Debug|x86.Build.0 = Debug|x86
		{ADA79A65-66D0-46B3-8A67-343B368EE743}.Release|Any CPU.ActiveCfg = Release|Any CPU
		{ADA79A65-66D0-46B3-8A67-343B368EE743}.Release|Any CPU.Build.0 = Release|Any CPU
		{ADA79A65-66D0-46B3-8A67-343B368EE743}.Release|x64.ActiveCfg = Release|x64
		{ADA79A65-66D0-46B3-8A67-343B368EE743}.Release|x64.Build.0 = Release|x64
		{ADA79A65-66D0-46B3-8A67-343B368EE743}.Release|x86.ActiveCfg = Release|x86
		{ADA79A65-66D0-46B3-8A67-343B368EE743}.Release|x86.Build.0 = Release|x86
	EndGlobalSection
	GlobalSection(SolutionProperties) = preSolution
		HideSolutionNode = FALSE
	EndGlobalSection
	GlobalSection(ExtensibilityGlobals) = postSolution
		SolutionGuid = {407E2941-CA63-465F-9F73-11B815469B05}
	EndGlobalSection
EndGlobal
