
Microsoft Visual Studio Solution File, Format Version 12.00
# Visual Studio Version 16
VisualStudioVersion = 16.0.29025.244
MinimumVisualStudioVersion = 10.0.40219.1
Project("{FAE04EC0-301F-11D3-BF4B-00C04F79EFBC}") = "VMagicMirrorConfig", "VMagicMirrorConfig\VMagicMirrorConfig.csproj", "{EFF78192-AECC-4EA1-9E51-2AA1F24061C3}"
EndProject
Project("{FAE04EC0-301F-11D3-BF4B-00C04F79EFBC}") = "VMagicMirrorConfig.LargePointer", "VMagicMirrorConfig.LargePointer\VMagicMirrorConfig.LargePointer.csproj", "{ADA79A65-66D0-46B3-8A67-343B368EE743}"
EndProject
Global
	GlobalSection(SolutionConfigurationPlatforms) = preSolution
		Debug|Any CPU = Debug|Any CPU
		Release|Any CPU = Release|Any CPU
	EndGlobalSection
	GlobalSection(ProjectConfigurationPlatforms) = postSolution
		{EFF78192-AECC-4EA1-9E51-2AA1F24061C3}.Debug|Any CPU.ActiveCfg = Debug|Any CPU
		{EFF78192-AECC-4EA1-9E51-2AA1F24061C3}.Debug|Any CPU.Build.0 = Debug|Any CPU
		{EFF78192-AECC-4EA1-9E51-2AA1F24061C3}.Release|Any CPU.ActiveCfg = Release|Any CPU
		{EFF78192-AECC-4EA1-9E51-2AA1F24061C3}.Release|Any CPU.Build.0 = Release|Any CPU
		{ADA79A65-66D0-46B3-8A67-343B368EE743}.Debug|Any CPU.ActiveCfg = Debug|Any CPU
		{ADA79A65-66D0-46B3-8A67-343B368EE743}.Debug|Any CPU.Build.0 = Debug|Any CPU
		{ADA79A65-66D0-46B3-8A67-343B368EE743}.Release|Any CPU.ActiveCfg = Release|Any CPU
		{ADA79A65-66D0-46B3-8A67-343B368EE743}.Release|Any CPU.Build.0 = Release|Any CPU
	EndGlobalSection
	GlobalSection(SolutionProperties) = preSolution
		HideSolutionNode = FALSE
	EndGlobalSection
	GlobalSection(ExtensibilityGlobals) = postSolution
		SolutionGuid = {407E2941-CA63-465F-9F73-11B815469B05}
	EndGlobalSection
EndGlobal
